
Microsoft Visual Studio Solution File, Format Version 12.00
Project("{FAE04EC0-301F-11D3-BF4B-00C04F79EFBC}") = "Api", "Api\Api.csproj", "{F4567DED-9B24-47F5-972C-36646C5CA257}"
EndProject
Project("{FAE04EC0-301F-11D3-BF4B-00C04F79EFBC}") = "Infrastructure.LinkedIn.IntegrationTest", "Infrastructure.LinkedIn.IntegrationTest\Infrastructure.LinkedIn.IntegrationTest.csproj", "{81A014E3-49B6-44E9-8B62-0F8348968AB4}"
EndProject
Project("{FAE04EC0-301F-11D3-BF4B-00C04F79EFBC}") = "Infrastructure.LinkedIn", "Infrastructure.LinkedIn\Infrastructure.LinkedIn.csproj", "{734679FC-A28D-406B-9006-60D08342A0CD}"
EndProject
Project("{FAE04EC0-301F-11D3-BF4B-00C04F79EFBC}") = "Infrastructure.LinkedIn.UnitTest", "Infrastructure.LinkedIn.UnitTest\Infrastructure.LinkedIn.UnitTest.csproj", "{853FAE29-525B-462F-ADB1-07B0570DD0D7}"
EndProject
Project("{FAE04EC0-301F-11D3-BF4B-00C04F79EFBC}") = "Api.IntegrationTest", "Api.IntegrationTest\Api.IntegrationTest.csproj", "{1E23B3A9-1CBA-4619-9BB5-0F1EC631F8C8}"
EndProject
Project("{FAE04EC0-301F-11D3-BF4B-00C04F79EFBC}") = "Infrastructure.Auth0.IntegrationTest", "Infrastructure.Auth0.IntegrationTest\Infrastructure.Auth0.IntegrationTest.csproj", "{8340F78C-40DB-4218-AD35-FACEEBD86EEA}"
EndProject
Project("{FAE04EC0-301F-11D3-BF4B-00C04F79EFBC}") = "Infrastructure.Auth0", "Infrastructure.Auth0\Infrastructure.Auth0.csproj", "{0D698E7F-5B0C-4462-A42E-8233B203C8DF}"
EndProject
Project("{FAE04EC0-301F-11D3-BF4B-00C04F79EFBC}") = "Domain", "Domain\Domain.csproj", "{FA210F80-341E-4FCF-A00D-B1B48799564D}"
EndProject
Project("{FAE04EC0-301F-11D3-BF4B-00C04F79EFBC}") = "Domain.UnitTest", "Domain.UnitTest\Domain.UnitTest.csproj", "{7ED6B5D2-265B-4A5D-AA8C-2018CF1FE44A}"
EndProject
Project("{FAE04EC0-301F-11D3-BF4B-00C04F79EFBC}") = "Api.UnitTest", "Api.UnitTest\Api.UnitTest.csproj", "{96FEC4D7-625E-46F6-82ED-6922975BAEDC}"
EndProject
Global
	GlobalSection(SolutionConfigurationPlatforms) = preSolution
		Debug|Any CPU = Debug|Any CPU
		Release|Any CPU = Release|Any CPU
	EndGlobalSection
	GlobalSection(ProjectConfigurationPlatforms) = postSolution
		{F4567DED-9B24-47F5-972C-36646C5CA257}.Debug|Any CPU.ActiveCfg = Debug|Any CPU
		{F4567DED-9B24-47F5-972C-36646C5CA257}.Debug|Any CPU.Build.0 = Debug|Any CPU
		{F4567DED-9B24-47F5-972C-36646C5CA257}.Release|Any CPU.ActiveCfg = Release|Any CPU
		{F4567DED-9B24-47F5-972C-36646C5CA257}.Release|Any CPU.Build.0 = Release|Any CPU
		{81A014E3-49B6-44E9-8B62-0F8348968AB4}.Debug|Any CPU.ActiveCfg = Debug|Any CPU
		{81A014E3-49B6-44E9-8B62-0F8348968AB4}.Debug|Any CPU.Build.0 = Debug|Any CPU
		{81A014E3-49B6-44E9-8B62-0F8348968AB4}.Release|Any CPU.ActiveCfg = Release|Any CPU
		{81A014E3-49B6-44E9-8B62-0F8348968AB4}.Release|Any CPU.Build.0 = Release|Any CPU
		{734679FC-A28D-406B-9006-60D08342A0CD}.Debug|Any CPU.ActiveCfg = Debug|Any CPU
		{734679FC-A28D-406B-9006-60D08342A0CD}.Debug|Any CPU.Build.0 = Debug|Any CPU
		{734679FC-A28D-406B-9006-60D08342A0CD}.Release|Any CPU.ActiveCfg = Release|Any CPU
		{734679FC-A28D-406B-9006-60D08342A0CD}.Release|Any CPU.Build.0 = Release|Any CPU
		{853FAE29-525B-462F-ADB1-07B0570DD0D7}.Debug|Any CPU.ActiveCfg = Debug|Any CPU
		{853FAE29-525B-462F-ADB1-07B0570DD0D7}.Debug|Any CPU.Build.0 = Debug|Any CPU
		{853FAE29-525B-462F-ADB1-07B0570DD0D7}.Release|Any CPU.ActiveCfg = Release|Any CPU
		{853FAE29-525B-462F-ADB1-07B0570DD0D7}.Release|Any CPU.Build.0 = Release|Any CPU
		{1E23B3A9-1CBA-4619-9BB5-0F1EC631F8C8}.Debug|Any CPU.ActiveCfg = Debug|Any CPU
		{1E23B3A9-1CBA-4619-9BB5-0F1EC631F8C8}.Debug|Any CPU.Build.0 = Debug|Any CPU
		{1E23B3A9-1CBA-4619-9BB5-0F1EC631F8C8}.Release|Any CPU.ActiveCfg = Release|Any CPU
		{1E23B3A9-1CBA-4619-9BB5-0F1EC631F8C8}.Release|Any CPU.Build.0 = Release|Any CPU
		{8340F78C-40DB-4218-AD35-FACEEBD86EEA}.Debug|Any CPU.ActiveCfg = Debug|Any CPU
		{8340F78C-40DB-4218-AD35-FACEEBD86EEA}.Debug|Any CPU.Build.0 = Debug|Any CPU
		{8340F78C-40DB-4218-AD35-FACEEBD86EEA}.Release|Any CPU.ActiveCfg = Release|Any CPU
		{8340F78C-40DB-4218-AD35-FACEEBD86EEA}.Release|Any CPU.Build.0 = Release|Any CPU
		{0D698E7F-5B0C-4462-A42E-8233B203C8DF}.Debug|Any CPU.ActiveCfg = Debug|Any CPU
		{0D698E7F-5B0C-4462-A42E-8233B203C8DF}.Debug|Any CPU.Build.0 = Debug|Any CPU
		{0D698E7F-5B0C-4462-A42E-8233B203C8DF}.Release|Any CPU.ActiveCfg = Release|Any CPU
		{0D698E7F-5B0C-4462-A42E-8233B203C8DF}.Release|Any CPU.Build.0 = Release|Any CPU
		{FA210F80-341E-4FCF-A00D-B1B48799564D}.Debug|Any CPU.ActiveCfg = Debug|Any CPU
		{FA210F80-341E-4FCF-A00D-B1B48799564D}.Debug|Any CPU.Build.0 = Debug|Any CPU
		{FA210F80-341E-4FCF-A00D-B1B48799564D}.Release|Any CPU.ActiveCfg = Release|Any CPU
		{FA210F80-341E-4FCF-A00D-B1B48799564D}.Release|Any CPU.Build.0 = Release|Any CPU
		{7ED6B5D2-265B-4A5D-AA8C-2018CF1FE44A}.Debug|Any CPU.ActiveCfg = Debug|Any CPU
		{7ED6B5D2-265B-4A5D-AA8C-2018CF1FE44A}.Debug|Any CPU.Build.0 = Debug|Any CPU
		{7ED6B5D2-265B-4A5D-AA8C-2018CF1FE44A}.Release|Any CPU.ActiveCfg = Release|Any CPU
		{7ED6B5D2-265B-4A5D-AA8C-2018CF1FE44A}.Release|Any CPU.Build.0 = Release|Any CPU
		{96FEC4D7-625E-46F6-82ED-6922975BAEDC}.Debug|Any CPU.ActiveCfg = Debug|Any CPU
		{96FEC4D7-625E-46F6-82ED-6922975BAEDC}.Debug|Any CPU.Build.0 = Debug|Any CPU
		{96FEC4D7-625E-46F6-82ED-6922975BAEDC}.Release|Any CPU.ActiveCfg = Release|Any CPU
		{96FEC4D7-625E-46F6-82ED-6922975BAEDC}.Release|Any CPU.Build.0 = Release|Any CPU
	EndGlobalSection
EndGlobal
